
Microsoft Visual Studio Solution File, Format Version 12.00
# Visual Studio 15
VisualStudioVersion = 15.0.27428.2043
MinimumVisualStudioVersion = 10.0.40219.1
Project("{FAE04EC0-301F-11D3-BF4B-00C04F79EFBC}") = "Sample.Domain", "Sample.Domain\Sample.Domain.csproj", "{11F4E343-A12F-4BFF-9C42-D0D43D177347}"
EndProject
Project("{FAE04EC0-301F-11D3-BF4B-00C04F79EFBC}") = "Sample.Domain.Base", "Sample.Domain.Base\Sample.Domain.Base.csproj", "{4F88006E-8D6E-47A0-ADB3-D2ACFD2FA389}"
EndProject
Project("{FAE04EC0-301F-11D3-BF4B-00C04F79EFBC}") = "Sample.Application", "Sample.Application\Sample.Application.csproj", "{B823302C-EFB3-4334-9C41-F6B94708AF98}"
EndProject
Project("{FAE04EC0-301F-11D3-BF4B-00C04F79EFBC}") = "Sample.Validations", "Sample.Validations\Sample.Validations.csproj", "{9896589A-4E9C-4D82-A4F9-433A32C64CCE}"
EndProject
Project("{FAE04EC0-301F-11D3-BF4B-00C04F79EFBC}") = "Sample.WebAPI", "Sample.WebAPI\Sample.WebAPI.csproj", "{309FA361-2508-4474-9292-974A52466814}"
EndProject
Global
	GlobalSection(SolutionConfigurationPlatforms) = preSolution
		Debug|Any CPU = Debug|Any CPU
		Release|Any CPU = Release|Any CPU
	EndGlobalSection
	GlobalSection(ProjectConfigurationPlatforms) = postSolution
		{11F4E343-A12F-4BFF-9C42-D0D43D177347}.Debug|Any CPU.ActiveCfg = Debug|Any CPU
		{11F4E343-A12F-4BFF-9C42-D0D43D177347}.Debug|Any CPU.Build.0 = Debug|Any CPU
		{11F4E343-A12F-4BFF-9C42-D0D43D177347}.Release|Any CPU.ActiveCfg = Release|Any CPU
		{11F4E343-A12F-4BFF-9C42-D0D43D177347}.Release|Any CPU.Build.0 = Release|Any CPU
		{4F88006E-8D6E-47A0-ADB3-D2ACFD2FA389}.Debug|Any CPU.ActiveCfg = Debug|Any CPU
		{4F88006E-8D6E-47A0-ADB3-D2ACFD2FA389}.Debug|Any CPU.Build.0 = Debug|Any CPU
		{4F88006E-8D6E-47A0-ADB3-D2ACFD2FA389}.Release|Any CPU.ActiveCfg = Release|Any CPU
		{4F88006E-8D6E-47A0-ADB3-D2ACFD2FA389}.Release|Any CPU.Build.0 = Release|Any CPU
		{B823302C-EFB3-4334-9C41-F6B94708AF98}.Debug|Any CPU.ActiveCfg = Debug|Any CPU
		{B823302C-EFB3-4334-9C41-F6B94708AF98}.Debug|Any CPU.Build.0 = Debug|Any CPU
		{B823302C-EFB3-4334-9C41-F6B94708AF98}.Release|Any CPU.ActiveCfg = Release|Any CPU
		{B823302C-EFB3-4334-9C41-F6B94708AF98}.Release|Any CPU.Build.0 = Release|Any CPU
		{9896589A-4E9C-4D82-A4F9-433A32C64CCE}.Debug|Any CPU.ActiveCfg = Debug|Any CPU
		{9896589A-4E9C-4D82-A4F9-433A32C64CCE}.Debug|Any CPU.Build.0 = Debug|Any CPU
		{9896589A-4E9C-4D82-A4F9-433A32C64CCE}.Release|Any CPU.ActiveCfg = Release|Any CPU
		{9896589A-4E9C-4D82-A4F9-433A32C64CCE}.Release|Any CPU.Build.0 = Release|Any CPU
		{309FA361-2508-4474-9292-974A52466814}.Debug|Any CPU.ActiveCfg = Debug|Any CPU
		{309FA361-2508-4474-9292-974A52466814}.Debug|Any CPU.Build.0 = Debug|Any CPU
		{309FA361-2508-4474-9292-974A52466814}.Release|Any CPU.ActiveCfg = Release|Any CPU
		{309FA361-2508-4474-9292-974A52466814}.Release|Any CPU.Build.0 = Release|Any CPU
	EndGlobalSection
	GlobalSection(SolutionProperties) = preSolution
		HideSolutionNode = FALSE
	EndGlobalSection
	GlobalSection(ExtensibilityGlobals) = postSolution
		SolutionGuid = {D91EF549-51EB-4CED-8D00-D7F01BFB4C86}
	EndGlobalSection
EndGlobal
